{
  "nodes": {
    "btrc": {
      "inputs": {
        "nixpkgs": [
          "nixpkgs"
        ]
      },
      "locked": {
        "lastModified": 1780282260,
        "narHash": "sha256-7NFbdnmLumdp4ZP/KmTvP73bENhd56F/x4lrmfPZlOM=",
        "owner": "schiffy91",
        "repo": "btrc",
        "rev": "837c156425f0ce2544a9781fe41ee10351d20afb",
        "type": "github"
      },
      "original": {
        "owner": "schiffy91",
        "repo": "btrc",
        "type": "github"
      }
    },
    "nixpkgs": {
      "locked": {
        "lastModified": 1774709303,
        "narHash": "sha256-D3Q07BbIA2KnTcSXIqqu9P586uWxN74zNoCH3h2ESHg=",
        "owner": "NixOS",
        "repo": "nixpkgs",
        "rev": "8110df5ad7abf5d4c0f6fb0f8f978390e77f9685",
        "type": "github"
      },
      "original": {
        "owner": "NixOS",
        "ref": "nixos-unstable",
        "repo": "nixpkgs",
        "type": "github"
      }
    },
    "root": {
      "inputs": {
        "btrc": "btrc",
        "nixpkgs": "nixpkgs"
      }
    }
  },
  "root": "root",
  "version": 7
}
