{
  "nodes": {
    "btrc": {
      "inputs": {
        "nixpkgs": [
          "nixpkgs"
        ]
      },
      "locked": {
        "lastModified": 1789806178,
        "narHash": "sha256-JFQ1uEmZlR7W+Q9qx/kHCC/jZ5VKm2G5om2WWX4tsJE=",
        "owner": "schiffy91",
        "repo": "btrc",
        "rev": "fad4b470817f73f551ebb20ff3ecbb6d7f895a73",
        "type": "github"
      },
      "original": {
        "owner": "schiffy91",
        "repo": "btrc",
        "type": "github"
      }
    },
    "nixpkgs": {
      "locked": {
        "lastModified": 1789684949,
        "narHash": "sha256-ZKhUe/2IJUq1JhKxKMu8rbkgSGmPP2ZCqlIPn40aGCM=",
        "owner": "NixOS",
        "repo": "nixpkgs",
        "rev": "e554fab72f81915600f3f449b786fd9af40439a5",
        "type": "github"
      },
      "original": {
        "owner": "NixOS",
        "ref": "nixos-unstable",
        "repo": "nixpkgs",
        "type": "github"
      }
    },
    "nixpkgsEsDe": {
      "locked": {
        "lastModified": 1767313136,
        "narHash": "sha256-16KkgfdYqjaeRGBaYsNrhPRRENs0qzkQVUooNHtoy2w=",
        "owner": "NixOS",
        "repo": "nixpkgs",
        "rev": "ac62194c3917d5f474c1a844b6fd6da2db95077d",
        "type": "github"
      },
      "original": {
        "owner": "NixOS",
        "repo": "nixpkgs",
        "rev": "ac62194c3917d5f474c1a844b6fd6da2db95077d",
        "type": "github"
      }
    },
    "root": {
      "inputs": {
        "btrc": "btrc",
        "nixpkgs": "nixpkgs",
        "nixpkgsEsDe": "nixpkgsEsDe"
      }
    }
  },
  "root": "root",
  "version": 7
}
