{
  "nodes": {
    "nixpkgs": {
      "locked": {
        "lastModified": 1789684949,
        "narHash": "sha256-ZKhUe/2IJUq1JhKxKMu8rbkgSGmPP2ZCqlIPn40aGCM=",
        "owner": "NixOS",
        "repo": "nixpkgs",
        "rev": "e554fab72f81915600f3f449b786fd9af40439a5",
        "type": "github"
      },
      "original": {
        "owner": "NixOS",
        "repo": "nixpkgs",
        "rev": "e554fab72f81915600f3f449b786fd9af40439a5",
        "type": "github"
      }
    },
    "root": {
      "inputs": {
        "nixpkgs": "nixpkgs",
        "source": "source"
      }
    },
    "source": {
      "flake": false,
      "locked": {
        "lastModified": 1786022851,
        "narHash": "sha256-lnX/W6tIOJY7bA7a5KFN3FUYS+o24bsyGSeTCOwubCs=",
        "owner": "libretro",
        "repo": "mupen64plus-libretro-nx",
        "rev": "f275caf4b2bfa1e6d1c51636746ea793f3d80320",
        "type": "github"
      },
      "original": {
        "owner": "libretro",
        "repo": "mupen64plus-libretro-nx",
        "rev": "f275caf4b2bfa1e6d1c51636746ea793f3d80320",
        "type": "github"
      }
    }
  },
  "root": "root",
  "version": 7
}
