{
  "nodes": {
    "nixpkgs": {
      "locked": {
        "lastModified": 1767313136,
        "narHash": "sha256-16KkgfdYqjaeRGBaYsNrhPRRENs0qzkQVUooNHtoy2w=",
        "owner": "NixOS",
        "repo": "nixpkgs",
        "rev": "ac62194c3917d5f474c1a844b6fd6da2db95077d",
        "type": "github"
      },
      "original": {
        "owner": "NixOS",
        "repo": "nixpkgs",
        "rev": "ac62194c3917d5f474c1a844b6fd6da2db95077d",
        "type": "github"
      }
    },
    "root": {
      "inputs": {
        "nixpkgs": "nixpkgs",
        "source": "source"
      }
    },
    "source": {
      "flake": false,
      "locked": {
        "lastModified": 1790758751,
        "narHash": "sha256-MFCLE8RnpvSAYY4UhJ+uwdIlhlyJsiLjSUUAJrNgd1c=",
        "owner": "es-de",
        "repo": "emulationstation-de",
        "rev": "50e4b600ae533d772bae3ff880d11a09b05dbe84",
        "type": "gitlab"
      },
      "original": {
        "owner": "es-de",
        "repo": "emulationstation-de",
        "rev": "50e4b600ae533d772bae3ff880d11a09b05dbe84",
        "type": "gitlab"
      }
    }
  },
  "root": "root",
  "version": 7
}
