{
  "nodes": {
    "nixpkgs": {
      "locked": {
        "lastModified": 1767313136,
        "narHash": "sha256-16KkgfdYqjaeRGBaYsNrhPRRENs0qzkQVUooNHtoy2w=",
        "owner": "NixOS",
        "repo": "nixpkgs",
        "rev": "ac62194c3917d5f474c1a844b6fd6da2db95077d",
        "type": "github"
      },
      "original": {
        "owner": "NixOS",
        "repo": "nixpkgs",
        "rev": "ac62194c3917d5f474c1a844b6fd6da2db95077d",
        "type": "github"
      }
    },
    "root": {
      "inputs": {
        "nixpkgs": "nixpkgs",
        "source": "source"
      }
    },
    "source": {
      "flake": false,
      "locked": {
        "lastModified": 1762528822,
        "narHash": "sha256-poegMKtPtUbdUbAwVj6O+rh7bxou+Wc+IDS3TBHh2LU=",
        "owner": "es-de",
        "repo": "emulationstation-de",
        "rev": "4f2830048ee002fee337cd7affea3d5333f8faf5",
        "type": "gitlab"
      },
      "original": {
        "owner": "es-de",
        "repo": "emulationstation-de",
        "rev": "4f2830048ee002fee337cd7affea3d5333f8faf5",
        "type": "gitlab"
      }
    }
  },
  "root": "root",
  "version": 7
}
