{
  "nodes": {
    "nixpkgs": {
      "locked": {
        "lastModified": 1789684949,
        "narHash": "sha256-ZKhUe/2IJUq1JhKxKMu8rbkgSGmPP2ZCqlIPn40aGCM=",
        "owner": "NixOS",
        "repo": "nixpkgs",
        "rev": "e554fab72f81915600f3f449b786fd9af40439a5",
        "type": "github"
      },
      "original": {
        "owner": "NixOS",
        "repo": "nixpkgs",
        "rev": "e554fab72f81915600f3f449b786fd9af40439a5",
        "type": "github"
      }
    },
    "root": {
      "inputs": {
        "nixpkgs": "nixpkgs",
        "source": "source"
      }
    },
    "source": {
      "flake": false,
      "locked": {
        "lastModified": 1787309948,
        "narHash": "sha256-9+llRkHhmaIeExUigY7/Ed+/hBshU+Qda5ykxoXLT+w=",
        "owner": "libretro",
        "repo": "gambatte-libretro",
        "rev": "d9d6cd06382d1ced30de34d56d3609452323dab1",
        "type": "github"
      },
      "original": {
        "owner": "libretro",
        "repo": "gambatte-libretro",
        "rev": "d9d6cd06382d1ced30de34d56d3609452323dab1",
        "type": "github"
      }
    }
  },
  "root": "root",
  "version": 7
}
