{
  "nodes": {
    "btrc": {
      "inputs": {
        "nixpkgs": [
          "renderer",
          "nixpkgs"
        ]
      },
      "locked": {
        "lastModified": 1789806178,
        "narHash": "sha256-JFQ1uEmZlR7W+Q9qx/kHCC/jZ5VKm2G5om2WWX4tsJE=",
        "owner": "schiffy91",
        "repo": "btrc",
        "rev": "fad4b470817f73f551ebb20ff3ecbb6d7f895a73",
        "type": "github"
      },
      "original": {
        "owner": "schiffy91",
        "repo": "btrc",
        "type": "github"
      }
    },
    "nixpkgs": {
      "locked": {
        "lastModified": 1789684949,
        "narHash": "sha256-ZKhUe/2IJUq1JhKxKMu8rbkgSGmPP2ZCqlIPn40aGCM=",
        "owner": "NixOS",
        "repo": "nixpkgs",
        "rev": "e554fab72f81915600f3f449b786fd9af40439a5",
        "type": "github"
      },
      "original": {
        "owner": "NixOS",
        "repo": "nixpkgs",
        "rev": "e554fab72f81915600f3f449b786fd9af40439a5",
        "type": "github"
      }
    },
    "renderer": {
      "inputs": {
        "btrc": "btrc",
        "nixpkgs": [
          "nixpkgs"
        ]
      },
      "locked": {
        "path": "../../../src/renderer",
        "type": "path"
      },
      "original": {
        "path": "../../../src/renderer",
        "type": "path"
      },
      "parent": []
    },
    "root": {
      "inputs": {
        "nixpkgs": "nixpkgs",
        "renderer": "renderer",
        "source": "source"
      }
    },
    "source": {
      "flake": false,
      "locked": {
        "lastModified": 1769618187,
        "narHash": "sha256-85PZ7ZDoannmwoFeKM7hm7fQS1X2MPxAwm6k+Sa+bGc=",
        "owner": "PCSX2",
        "repo": "pcsx2",
        "rev": "bc8151d2a46d4aba039ea5580afbfc7bfcf6d730",
        "type": "github"
      },
      "original": {
        "owner": "PCSX2",
        "ref": "v2.6.3",
        "repo": "pcsx2",
        "type": "github"
      }
    }
  },
  "root": "root",
  "version": 7
}
