{
  "nodes": {
    "btrc": {
      "inputs": {
        "nixpkgs": [
          "nixpkgs"
        ]
      },
      "locked": {
        "lastModified": 1789880700,
        "narHash": "sha256-Or17d/Z6IJjSKwvEihMSD+TxIzWhiV9hX68d8ivCSeQ=",
        "owner": "schiffy91",
        "repo": "btrc",
        "rev": "c959dd0e5d122d7019266536d571d20fb7c5cc9d",
        "type": "github"
      },
      "original": {
        "owner": "schiffy91",
        "repo": "btrc",
        "type": "github"
      }
    },
    "nixpkgs": {
      "locked": {
        "lastModified": 1789684949,
        "narHash": "sha256-ZKhUe/2IJUq1JhKxKMu8rbkgSGmPP2ZCqlIPn40aGCM=",
        "owner": "NixOS",
        "repo": "nixpkgs",
        "rev": "e554fab72f81915600f3f449b786fd9af40439a5",
        "type": "github"
      },
      "original": {
        "owner": "NixOS",
        "repo": "nixpkgs",
        "rev": "e554fab72f81915600f3f449b786fd9af40439a5",
        "type": "github"
      }
    },
    "renderer": {
      "inputs": {
        "btrc": [
          "btrc"
        ],
        "nixpkgs": [
          "nixpkgs"
        ]
      },
      "locked": {
        "path": "../../../src/renderer",
        "type": "path"
      },
      "original": {
        "path": "../../../src/renderer",
        "type": "path"
      },
      "parent": []
    },
    "root": {
      "inputs": {
        "btrc": "btrc",
        "nixpkgs": "nixpkgs",
        "renderer": "renderer",
        "source": "source"
      }
    },
    "source": {
      "flake": false,
      "locked": {
        "lastModified": 1769618187,
        "narHash": "sha256-85PZ7ZDoannmwoFeKM7hm7fQS1X2MPxAwm6k+Sa+bGc=",
        "owner": "PCSX2",
        "repo": "pcsx2",
        "rev": "bc8151d2a46d4aba039ea5580afbfc7bfcf6d730",
        "type": "github"
      },
      "original": {
        "owner": "PCSX2",
        "ref": "v2.6.3",
        "repo": "pcsx2",
        "type": "github"
      }
    }
  },
  "root": "root",
  "version": 7
}
