{
  "nodes": {
    "nixpkgs": {
      "locked": {
        "lastModified": 1789684949,
        "narHash": "sha256-ZKhUe/2IJUq1JhKxKMu8rbkgSGmPP2ZCqlIPn40aGCM=",
        "owner": "NixOS",
        "repo": "nixpkgs",
        "rev": "e554fab72f81915600f3f449b786fd9af40439a5",
        "type": "github"
      },
      "original": {
        "owner": "NixOS",
        "repo": "nixpkgs",
        "rev": "e554fab72f81915600f3f449b786fd9af40439a5",
        "type": "github"
      }
    },
    "root": {
      "inputs": {
        "nixpkgs": "nixpkgs",
        "source": "source"
      }
    },
    "source": {
      "flake": false,
      "locked": {
        "lastModified": 1776706287,
        "narHash": "sha256-fDGG6U+yhpbcvKuSN30F0dM+NCXlPTPULNEqTZTL/Vc=",
        "owner": "libretro",
        "repo": "mesen",
        "rev": "0102910c39ad1a62bc3f784466f3f67ca9eae335",
        "type": "github"
      },
      "original": {
        "owner": "libretro",
        "repo": "mesen",
        "rev": "0102910c39ad1a62bc3f784466f3f67ca9eae335",
        "type": "github"
      }
    }
  },
  "root": "root",
  "version": 7
}
