{
  "nodes": {
    "nixpkgs": {
      "locked": {
        "lastModified": 1789684949,
        "narHash": "sha256-ZKhUe/2IJUq1JhKxKMu8rbkgSGmPP2ZCqlIPn40aGCM=",
        "owner": "NixOS",
        "repo": "nixpkgs",
        "rev": "e554fab72f81915600f3f449b786fd9af40439a5",
        "type": "github"
      },
      "original": {
        "owner": "NixOS",
        "repo": "nixpkgs",
        "rev": "e554fab72f81915600f3f449b786fd9af40439a5",
        "type": "github"
      }
    },
    "root": {
      "inputs": {
        "nixpkgs": "nixpkgs",
        "source": "source"
      }
    },
    "source": {
      "flake": false,
      "locked": {
        "lastModified": 1789172715,
        "narHash": "sha256-sqic7mFeuhmW8fPB2WaEE1CJxSxB0pgFzoWX+DPirqM=",
        "owner": "libretro",
        "repo": "Genesis-Plus-GX",
        "rev": "c2838c7dc4236fc2fe94e5dbd08b41486067918e",
        "type": "github"
      },
      "original": {
        "owner": "libretro",
        "repo": "Genesis-Plus-GX",
        "rev": "c2838c7dc4236fc2fe94e5dbd08b41486067918e",
        "type": "github"
      }
    }
  },
  "root": "root",
  "version": 7
}
